
Microsoft Visual Studio Solution File, Format Version 9.00
# Visual Studio 2005
Project("{FAE04EC0-301F-11D3-BF4B-00C04F79EFBC}") = "TouchlibCOMwrapper_Csharp_example", "TouchlibCOMwrapper_Csharp_example\TouchlibCOMwrapper_Csharp_example.csproj", "{46A61695-5DEE-4CB2-98F4-6C9456825049}"
EndProject
Global
	GlobalSection(SolutionConfigurationPlatforms) = preSolution
		Debug|Any CPU = Debug|Any CPU
		Release|Any CPU = Release|Any CPU
	EndGlobalSection
	GlobalSection(ProjectConfigurationPlatforms) = postSolution
		{46A61695-5DEE-4CB2-98F4-6C9456825049}.Debug|Any CPU.ActiveCfg = Debug|Any CPU
		{46A61695-5DEE-4CB2-98F4-6C9456825049}.Debug|Any CPU.Build.0 = Debug|Any CPU
		{46A61695-5DEE-4CB2-98F4-6C9456825049}.Release|Any CPU.ActiveCfg = Release|Any CPU
		{46A61695-5DEE-4CB2-98F4-6C9456825049}.Release|Any CPU.Build.0 = Release|Any CPU
	EndGlobalSection
	GlobalSection(SolutionProperties) = preSolution
		HideSolutionNode = FALSE
	EndGlobalSection
EndGlobal
